
Microsoft Visual Studio Solution File, Format Version 12.00
# Visual Studio Version 17
VisualStudioVersion = 17.0.31903.59
MinimumVisualStudioVersion = 10.0.40219.1
Project("{FAE04EC0-301F-11D3-BF4B-00C04F79EFBC}") = "Server", "Server\Server.csproj", "{D9D8C8F6-904C-4D9B-929A-EAEBCC40659A}"
EndProject
Project("{FAE04EC0-301F-11D3-BF4B-00C04F79EFBC}") = "Client", "Client\Client.csproj", "{7CA0D915-619D-4DD6-9BB5-7B66235D4DD1}"
EndProject
Project("{FAE04EC0-301F-11D3-BF4B-00C04F79EFBC}") = "ControlPanel", "ControlPanel\ControlPanel.csproj", "{0A46DDBE-158E-4E5C-B9C8-86625F631A01}"
EndProject
Global
	GlobalSection(SolutionConfigurationPlatforms) = preSolution
		Debug|Any CPU = Debug|Any CPU
		Debug|x64 = Debug|x64
		Debug|x86 = Debug|x86
		Release|Any CPU = Release|Any CPU
		Release|x64 = Release|x64
		Release|x86 = Release|x86
	EndGlobalSection
	GlobalSection(ProjectConfigurationPlatforms) = postSolution
		{D9D8C8F6-904C-4D9B-929A-EAEBCC40659A}.Debug|Any CPU.ActiveCfg = Debug|Any CPU
		{D9D8C8F6-904C-4D9B-929A-EAEBCC40659A}.Debug|Any CPU.Build.0 = Debug|Any CPU
		{D9D8C8F6-904C-4D9B-929A-EAEBCC40659A}.Debug|x64.ActiveCfg = Debug|Any CPU
		{D9D8C8F6-904C-4D9B-929A-EAEBCC40659A}.Debug|x64.Build.0 = Debug|Any CPU
		{D9D8C8F6-904C-4D9B-929A-EAEBCC40659A}.Debug|x86.ActiveCfg = Debug|Any CPU
		{D9D8C8F6-904C-4D9B-929A-EAEBCC40659A}.Debug|x86.Build.0 = Debug|Any CPU
		{D9D8C8F6-904C-4D9B-929A-EAEBCC40659A}.Release|Any CPU.ActiveCfg = Release|Any CPU
		{D9D8C8F6-904C-4D9B-929A-EAEBCC40659A}.Release|Any CPU.Build.0 = Release|Any CPU
		{D9D8C8F6-904C-4D9B-929A-EAEBCC40659A}.Release|x64.ActiveCfg = Release|Any CPU
		{D9D8C8F6-904C-4D9B-929A-EAEBCC40659A}.Release|x64.Build.0 = Release|Any CPU
		{D9D8C8F6-904C-4D9B-929A-EAEBCC40659A}.Release|x86.ActiveCfg = Release|Any CPU
		{D9D8C8F6-904C-4D9B-929A-EAEBCC40659A}.Release|x86.Build.0 = Release|Any CPU
		{7CA0D915-619D-4DD6-9BB5-7B66235D4DD1}.Debug|Any CPU.ActiveCfg = Debug|Any CPU
		{7CA0D915-619D-4DD6-9BB5-7B66235D4DD1}.Debug|Any CPU.Build.0 = Debug|Any CPU
		{7CA0D915-619D-4DD6-9BB5-7B66235D4DD1}.Debug|x64.ActiveCfg = Debug|Any CPU
		{7CA0D915-619D-4DD6-9BB5-7B66235D4DD1}.Debug|x64.Build.0 = Debug|Any CPU
		{7CA0D915-619D-4DD6-9BB5-7B66235D4DD1}.Debug|x86.ActiveCfg = Debug|Any CPU
		{7CA0D915-619D-4DD6-9BB5-7B66235D4DD1}.Debug|x86.Build.0 = Debug|Any CPU
		{7CA0D915-619D-4DD6-9BB5-7B66235D4DD1}.Release|Any CPU.ActiveCfg = Release|Any CPU
		{7CA0D915-619D-4DD6-9BB5-7B66235D4DD1}.Release|Any CPU.Build.0 = Release|Any CPU
		{7CA0D915-619D-4DD6-9BB5-7B66235D4DD1}.Release|x64.ActiveCfg = Release|Any CPU
		{7CA0D915-619D-4DD6-9BB5-7B66235D4DD1}.Release|x64.Build.0 = Release|Any CPU
		{7CA0D915-619D-4DD6-9BB5-7B66235D4DD1}.Release|x86.ActiveCfg = Release|Any CPU
		{7CA0D915-619D-4DD6-9BB5-7B66235D4DD1}.Release|x86.Build.0 = Release|Any CPU
		{0A46DDBE-158E-4E5C-B9C8-86625F631A01}.Debug|Any CPU.ActiveCfg = Debug|Any CPU
		{0A46DDBE-158E-4E5C-B9C8-86625F631A01}.Debug|Any CPU.Build.0 = Debug|Any CPU
		{0A46DDBE-158E-4E5C-B9C8-86625F631A01}.Debug|x64.ActiveCfg = Debug|Any CPU
		{0A46DDBE-158E-4E5C-B9C8-86625F631A01}.Debug|x64.Build.0 = Debug|Any CPU
		{0A46DDBE-158E-4E5C-B9C8-86625F631A01}.Debug|x86.ActiveCfg = Debug|Any CPU
		{0A46DDBE-158E-4E5C-B9C8-86625F631A01}.Debug|x86.Build.0 = Debug|Any CPU
		{0A46DDBE-158E-4E5C-B9C8-86625F631A01}.Release|Any CPU.ActiveCfg = Release|Any CPU
		{0A46DDBE-158E-4E5C-B9C8-86625F631A01}.Release|Any CPU.Build.0 = Release|Any CPU
		{0A46DDBE-158E-4E5C-B9C8-86625F631A01}.Release|x64.ActiveCfg = Release|Any CPU
		{0A46DDBE-158E-4E5C-B9C8-86625F631A01}.Release|x64.Build.0 = Release|Any CPU
		{0A46DDBE-158E-4E5C-B9C8-86625F631A01}.Release|x86.ActiveCfg = Release|Any CPU
		{0A46DDBE-158E-4E5C-B9C8-86625F631A01}.Release|x86.Build.0 = Release|Any CPU
	EndGlobalSection
	GlobalSection(SolutionProperties) = preSolution
		HideSolutionNode = FALSE
	EndGlobalSection
EndGlobal
